<?xml version="1.0" encoding="utf-8"?>
<Project ToolsVersion="4.0" xmlns="http://schemas.microsoft.com/developer/msbuild/2003">
  <ItemGroup>
    <Filter Include="Libraries">
      <UniqueIdentifier>{67DA6AB6-F800-4c08-8B7A-83BB121AAD01}</UniqueIdentifier>
      <Extensions>rc;ico;cur;bmp;dlg;rc2;rct;bin;rgs;gif;jpg;jpeg;jpe;resx;tiff;tif;png;wav;mfcribbon-ms</Extensions>
    </Filter>
    <Filter Include="Libraries\ImGui">
      <UniqueIdentifier>{f95f0638-ab49-4b92-a24b-9c069b54ba9d}</UniqueIdentifier>
    </Filter>
    <Filter Include="Libraries\JSON">
      <UniqueIdentifier>{3f24643b-3a12-440d-828f-893deef3b561}</UniqueIdentifier>
    </Filter>
    <Filter Include="Libraries\FMT">
      <UniqueIdentifier>{7821dc70-2dfa-4008-8fc8-6f6672caf940}</UniqueIdentifier>
    </Filter>
    <Filter Include="Sourcce Files">
      <UniqueIdentifier>{4FC737F1-C7A5-4376-A066-2A32D752A2FF}</UniqueIdentifier>
      <Extensions>cpp;c;cc;cxx;c++;cppm;ixx;def;odl;idl;hpj;bat;asm;asmx</Extensions>
    </Filter>
    <Filter Include="Sourcce Files\Memory">
      <UniqueIdentifier>{8363928d-32bd-4aed-b148-1c790ec2cab5}</UniqueIdentifier>
    </Filter>
    <Filter Include="Sourcce Files\Memory\Pattern Manager">
      <UniqueIdentifier>{bfac5337-6c0d-4c8d-89ec-a7784b25c06f}</UniqueIdentifier>
    </Filter>
    <Filter Include="Header Files">
      <UniqueIdentifier>{93995380-89BD-4b04-88EB-625FBE52EBFB}</UniqueIdentifier>
      <Extensions>h;hh;hpp;hxx;h++;hm;inl;inc;ipp;xsd</Extensions>
    </Filter>
    <Filter Include="Header Files\Namespaces">
      <UniqueIdentifier>{43177008-04b1-437b-b862-a190601e57d5}</UniqueIdentifier>
    </Filter>
    <Filter Include="Header Files\Script">
      <UniqueIdentifier>{822b47e2-886d-4251-a2c9-049cd0c03972}</UniqueIdentifier>
    </Filter>
    <Filter Include="Header Files\Memory">
      <UniqueIdentifier>{c9b268a5-d945-45ff-b034-5490d24d5010}</UniqueIdentifier>
    </Filter>
    <Filter Include="Header Files\Memory\Pattern Manager">
      <UniqueIdentifier>{476ddd3f-1911-4b74-89b9-796dcfce3cb1}</UniqueIdentifier>
    </Filter>
  </ItemGroup>
  <ItemGroup>
    <ClInclude Include="Includes.hpp">
      <Filter>Header Files</Filter>
    </ClInclude>
    <ClInclude Include="Cheat.hpp">
      <Filter>Header Files</Filter>
    </ClInclude>
    <ClInclude Include="Logger.hpp">
      <Filter>Header Files</Filter>
    </ClInclude>
    <ClInclude Include="Namespaces\Namespace Rage.hpp">
      <Filter>Header Files\Namespaces</Filter>
    </ClInclude>
    <ClInclude Include="Native Invoker.hpp">
      <Filter>Header Files</Filter>
    </ClInclude>
    <ClInclude Include="ImGui\imconfig.h">
      <Filter>Libraries\ImGui</Filter>
    </ClInclude>
    <ClInclude Include="ImGui\imgui.h">
      <Filter>Libraries\ImGui</Filter>
    </ClInclude>
    <ClInclude Include="ImGui\imgui_impl_dx11.h">
      <Filter>Libraries\ImGui</Filter>
    </ClInclude>
    <ClInclude Include="ImGui\imgui_impl_win32.h">
      <Filter>Libraries\ImGui</Filter>
    </ClInclude>
    <ClInclude Include="ImGui\imgui_internal.h">
      <Filter>Libraries\ImGui</Filter>
    </ClInclude>
    <ClInclude Include="ImGui\imstb_rectpack.h">
      <Filter>Libraries\ImGui</Filter>
    </ClInclude>
    <ClInclude Include="ImGui\imstb_textedit.h">
      <Filter>Libraries\ImGui</Filter>
    </ClInclude>
    <ClInclude Include="ImGui\imstb_truetype.h">
      <Filter>Libraries\ImGui</Filter>
    </ClInclude>
    <ClInclude Include="Hooking.hpp">
      <Filter>Header Files</Filter>
    </ClInclude>
    <ClInclude Include="RageHashMap.hpp">
      <Filter>Header Files</Filter>
    </ClInclude>
    <ClInclude Include="Script.hpp">
      <Filter>Header Files\Script</Filter>
    </ClInclude>
    <ClInclude Include="Pointers.hpp">
      <Filter>Header Files\Memory</Filter>
    </ClInclude>
    <ClInclude Include="Memory\PatternMgr.hpp">
      <Filter>Header Files\Memory\Pattern Manager</Filter>
    </ClInclude>
    <ClInclude Include="Namespaces\SCRThread.hpp">
      <Filter>Header Files\Namespaces</Filter>
    </ClInclude>
    <ClInclude Include="Namespaces\TLSContext.hpp">
      <Filter>Header Files\Namespaces</Filter>
    </ClInclude>
    <ClInclude Include="Render.hpp">
      <Filter>Header Files</Filter>
    </ClInclude>
    <ClInclude Include="Natives.hpp">
      <Filter>Header Files</Filter>
    </ClInclude>
    <ClInclude Include="Fonts.hpp">
      <Filter>Header Files</Filter>
    </ClInclude>
    <ClInclude Include="VMT.hpp">
      <Filter>Header Files</Filter>
    </ClInclude>
    <ClInclude Include="Globals.hpp">
      <Filter>Header Files</Filter>
    </ClInclude>
    <ClInclude Include="..\Libs\JSON\Includes\JSON.hpp">
      <Filter>Libraries\JSON</Filter>
    </ClInclude>
    <ClInclude Include="LabelMgr.hpp">
      <Filter>Header Files</Filter>
    </ClInclude>
    <ClInclude Include="FMT\core.h">
      <Filter>Libraries\FMT</Filter>
    </ClInclude>
    <ClInclude Include="FMT\format.h">
      <Filter>Libraries\FMT</Filter>
    </ClInclude>
    <ClInclude Include="FMT\format-inl.h">
      <Filter>Libraries\FMT</Filter>
    </ClInclude>
  </ItemGroup>
  <ItemGroup>
    <ClCompile Include="Main.cpp">
      <Filter>Sourcce Files</Filter>
    </ClCompile>
    <ClCompile Include="Cheat.cpp">
      <Filter>Sourcce Files</Filter>
    </ClCompile>
    <ClCompile Include="Logger.cpp">
      <Filter>Sourcce Files</Filter>
    </ClCompile>
    <ClCompile Include="Memory\PatternMgr.cpp">
      <Filter>Sourcce Files\Memory\Pattern Manager</Filter>
    </ClCompile>
    <ClCompile Include="Pointers.cpp">
      <Filter>Sourcce Files\Memory</Filter>
    </ClCompile>
    <ClCompile Include="ImGui\imgui.cpp">
      <Filter>Libraries\ImGui</Filter>
    </ClCompile>
    <ClCompile Include="ImGui\imgui_demo.cpp">
      <Filter>Libraries\ImGui</Filter>
    </ClCompile>
    <ClCompile Include="ImGui\imgui_draw.cpp">
      <Filter>Libraries\ImGui</Filter>
    </ClCompile>
    <ClCompile Include="ImGui\imgui_impl_dx11.cpp">
      <Filter>Libraries\ImGui</Filter>
    </ClCompile>
    <ClCompile Include="ImGui\imgui_impl_win32.cpp">
      <Filter>Libraries\ImGui</Filter>
    </ClCompile>
    <ClCompile Include="ImGui\imgui_widgets.cpp">
      <Filter>Libraries\ImGui</Filter>
    </ClCompile>
    <ClCompile Include="Hooking.cpp">
      <Filter>Sourcce Files</Filter>
    </ClCompile>
    <ClCompile Include="Render.cpp">
      <Filter>Sourcce Files</Filter>
    </ClCompile>
    <ClCompile Include="Native Invoker.cpp">
      <Filter>Sourcce Files</Filter>
    </ClCompile>
    <ClCompile Include="Gui.cpp">
      <Filter>Sourcce Files</Filter>
    </ClCompile>
    <ClCompile Include="ImGui\imgui_tables.cpp">
      <Filter>Libraries\ImGui</Filter>
    </ClCompile>
  </ItemGroup>
  <ItemGroup>
    <None Include="Gui.hpp">
      <Filter>Header Files</Filter>
    </None>
  </ItemGroup>
  <ItemGroup>
    <MASM Include="NativeReturnSpoof.asm">
      <Filter>Header Files</Filter>
    </MASM>
  </ItemGroup>
</Project>